
Microsoft Visual Studio Solution File, Format Version 12.00
# Visual Studio 15
VisualStudioVersion = 15.0.26124.0
MinimumVisualStudioVersion = 15.0.26124.0
Project("{6EC3EE1D-3C4E-46DD-8F32-0CC8E7565705}") = "StrafeSharp", "StrafeSharp\StrafeSharp.fsproj", "{ACFF6C4A-3992-4408-80CE-67B9DF7AEF65}"
EndProject
Project("{6EC3EE1D-3C4E-46DD-8F32-0CC8E7565705}") = "StrafeSharp.Console", "StrafeSharp.Console\StrafeSharp.Console.fsproj", "{C412AE75-916F-4123-8F8B-B6EBD86FD179}"
EndProject
Project("{6EC3EE1D-3C4E-46DD-8F32-0CC8E7565705}") = "StrafeSharp.Tests", "StrafeSharp.Tests\StrafeSharp.Tests.fsproj", "{1B019F8F-69B1-4EFC-B87F-8B9E2CCCAFF7}"
EndProject
Global
	GlobalSection(SolutionConfigurationPlatforms) = preSolution
		Debug|Any CPU = Debug|Any CPU
		Debug|x64 = Debug|x64
		Debug|x86 = Debug|x86
		Release|Any CPU = Release|Any CPU
		Release|x64 = Release|x64
		Release|x86 = Release|x86
	EndGlobalSection
	GlobalSection(SolutionProperties) = preSolution
		HideSolutionNode = FALSE
	EndGlobalSection
	GlobalSection(ProjectConfigurationPlatforms) = postSolution
		{ACFF6C4A-3992-4408-80CE-67B9DF7AEF65}.Debug|Any CPU.ActiveCfg = Debug|Any CPU
		{ACFF6C4A-3992-4408-80CE-67B9DF7AEF65}.Debug|Any CPU.Build.0 = Debug|Any CPU
		{ACFF6C4A-3992-4408-80CE-67B9DF7AEF65}.Debug|x64.ActiveCfg = Debug|x64
		{ACFF6C4A-3992-4408-80CE-67B9DF7AEF65}.Debug|x64.Build.0 = Debug|x64
		{ACFF6C4A-3992-4408-80CE-67B9DF7AEF65}.Debug|x86.ActiveCfg = Debug|x86
		{ACFF6C4A-3992-4408-80CE-67B9DF7AEF65}.Debug|x86.Build.0 = Debug|x86
		{ACFF6C4A-3992-4408-80CE-67B9DF7AEF65}.Release|Any CPU.ActiveCfg = Release|Any CPU
		{ACFF6C4A-3992-4408-80CE-67B9DF7AEF65}.Release|Any CPU.Build.0 = Release|Any CPU
		{ACFF6C4A-3992-4408-80CE-67B9DF7AEF65}.Release|x64.ActiveCfg = Release|x64
		{ACFF6C4A-3992-4408-80CE-67B9DF7AEF65}.Release|x64.Build.0 = Release|x64
		{ACFF6C4A-3992-4408-80CE-67B9DF7AEF65}.Release|x86.ActiveCfg = Release|x86
		{ACFF6C4A-3992-4408-80CE-67B9DF7AEF65}.Release|x86.Build.0 = Release|x86
		{C412AE75-916F-4123-8F8B-B6EBD86FD179}.Debug|Any CPU.ActiveCfg = Debug|Any CPU
		{C412AE75-916F-4123-8F8B-B6EBD86FD179}.Debug|Any CPU.Build.0 = Debug|Any CPU
		{C412AE75-916F-4123-8F8B-B6EBD86FD179}.Debug|x64.ActiveCfg = Debug|x64
		{C412AE75-916F-4123-8F8B-B6EBD86FD179}.Debug|x64.Build.0 = Debug|x64
		{C412AE75-916F-4123-8F8B-B6EBD86FD179}.Debug|x86.ActiveCfg = Debug|x86
		{C412AE75-916F-4123-8F8B-B6EBD86FD179}.Debug|x86.Build.0 = Debug|x86
		{C412AE75-916F-4123-8F8B-B6EBD86FD179}.Release|Any CPU.ActiveCfg = Release|Any CPU
		{C412AE75-916F-4123-8F8B-B6EBD86FD179}.Release|Any CPU.Build.0 = Release|Any CPU
		{C412AE75-916F-4123-8F8B-B6EBD86FD179}.Release|x64.ActiveCfg = Release|x64
		{C412AE75-916F-4123-8F8B-B6EBD86FD179}.Release|x64.Build.0 = Release|x64
		{C412AE75-916F-4123-8F8B-B6EBD86FD179}.Release|x86.ActiveCfg = Release|x86
		{C412AE75-916F-4123-8F8B-B6EBD86FD179}.Release|x86.Build.0 = Release|x86
		{1B019F8F-69B1-4EFC-B87F-8B9E2CCCAFF7}.Debug|Any CPU.ActiveCfg = Debug|Any CPU
		{1B019F8F-69B1-4EFC-B87F-8B9E2CCCAFF7}.Debug|Any CPU.Build.0 = Debug|Any CPU
		{1B019F8F-69B1-4EFC-B87F-8B9E2CCCAFF7}.Debug|x64.ActiveCfg = Debug|x64
		{1B019F8F-69B1-4EFC-B87F-8B9E2CCCAFF7}.Debug|x64.Build.0 = Debug|x64
		{1B019F8F-69B1-4EFC-B87F-8B9E2CCCAFF7}.Debug|x86.ActiveCfg = Debug|x86
		{1B019F8F-69B1-4EFC-B87F-8B9E2CCCAFF7}.Debug|x86.Build.0 = Debug|x86
		{1B019F8F-69B1-4EFC-B87F-8B9E2CCCAFF7}.Release|Any CPU.ActiveCfg = Release|Any CPU
		{1B019F8F-69B1-4EFC-B87F-8B9E2CCCAFF7}.Release|Any CPU.Build.0 = Release|Any CPU
		{1B019F8F-69B1-4EFC-B87F-8B9E2CCCAFF7}.Release|x64.ActiveCfg = Release|x64
		{1B019F8F-69B1-4EFC-B87F-8B9E2CCCAFF7}.Release|x64.Build.0 = Release|x64
		{1B019F8F-69B1-4EFC-B87F-8B9E2CCCAFF7}.Release|x86.ActiveCfg = Release|x86
		{1B019F8F-69B1-4EFC-B87F-8B9E2CCCAFF7}.Release|x86.Build.0 = Release|x86
	EndGlobalSection
EndGlobal
